{
  "requires": true,
  "lockfileVersion": 1,
  "dependencies": {
    "itty-router": {
      "version": "2.4.4",
      "resolved": "https://registry.npmjs.org/itty-router/-/itty-router-2.4.4.tgz",
      "integrity": "sha512-mp5i47ZotK94FHondKJTZn/0dBAFzFpZpiHWn+aCgr/sg9cIVzt1gvLCKsXMkcHgKejb9GdhqvOfh7VYJJlQoQ=="
    }
  }
}
